[root]
name = "offscreen_gl_context"
version = "0.0.1"
dependencies = [
 "cgl 0.0.1 (git+https://github.com/servo/rust-cgl)",
 "core_foundation 0.1.0 (git+https://github.com/servo/rust-core-foundation)",
 "geom 0.1.0 (git+https://github.com/servo/rust-geom)",
 "gleam 0.0.1 (git+https://github.com/servo/gleam)",
 "glx 0.0.1 (git+https://github.com/servo/rust-glx)",
 "libc 0.1.6 (registry+https://github.com/rust-lang/crates.io-index)",
 "log 0.3.1 (registry+https://github.com/rust-lang/crates.io-index)",
 "xlib 0.1.0 (git+https://github.com/servo/rust-xlib)",
]

[[package]]
name = "bitflags"
version = "0.1.1"
source = "registry+https://github.com/rust-lang/crates.io-index"

[[package]]
name = "cgl"
version = "0.0.1"
source = "git+https://github.com/servo/rust-cgl#f07028d7e3ef5887812ed74e5169e5dac888564d"
dependencies = [
 "gleam 0.0.1 (git+https://github.com/servo/gleam)",
 "libc 0.1.6 (registry+https://github.com/rust-lang/crates.io-index)",
]

[[package]]
name = "core_foundation"
version = "0.1.0"
source = "git+https://github.com/servo/rust-core-foundation#da54b5656490d553cb06031770ff542f0bffff1c"
dependencies = [
 "libc 0.1.6 (registry+https://github.com/rust-lang/crates.io-index)",
]

[[package]]
name = "geom"
version = "0.1.0"
source = "git+https://github.com/servo/rust-geom#c4bdb1ef8f4915ae636eb752b103f69246b50304"
dependencies = [
 "log 0.3.1 (registry+https://github.com/rust-lang/crates.io-index)",
 "num 0.1.24 (registry+https://github.com/rust-lang/crates.io-index)",
 "rand 0.3.8 (registry+https://github.com/rust-lang/crates.io-index)",
 "rustc-serialize 0.3.14 (registry+https://github.com/rust-lang/crates.io-index)",
]

[[package]]
name = "gl_common"
version = "0.0.4"
source = "registry+https://github.com/rust-lang/crates.io-index"
dependencies = [
 "libc 0.1.6 (registry+https://github.com/rust-lang/crates.io-index)",
]

[[package]]
name = "gl_generator"
version = "0.0.25"
source = "registry+https://github.com/rust-lang/crates.io-index"
dependencies = [
 "khronos_api 0.0.5 (registry+https://github.com/rust-lang/crates.io-index)",
 "log 0.3.1 (registry+https://github.com/rust-lang/crates.io-index)",
 "xml-rs 0.1.24 (registry+https://github.com/rust-lang/crates.io-index)",
]

[[package]]
name = "gleam"
version = "0.0.1"
source = "git+https://github.com/servo/gleam#15148d15aa62a115ae3c8f17d410b97dd398a6fc"
dependencies = [
 "gl_common 0.0.4 (registry+https://github.com/rust-lang/crates.io-index)",
 "gl_generator 0.0.25 (registry+https://github.com/rust-lang/crates.io-index)",
 "khronos_api 0.0.5 (registry+https://github.com/rust-lang/crates.io-index)",
 "libc 0.1.6 (registry+https://github.com/rust-lang/crates.io-index)",
]

[[package]]
name = "glx"
version = "0.0.1"
source = "git+https://github.com/servo/rust-glx#60ac0aee2438eadb4b51ddc8eac6fc4b5ca8e447"
dependencies = [
 "gl_common 0.0.4 (registry+https://github.com/rust-lang/crates.io-index)",
 "gl_generator 0.0.25 (registry+https://github.com/rust-lang/crates.io-index)",
 "khronos_api 0.0.5 (registry+https://github.com/rust-lang/crates.io-index)",
 "libc 0.1.6 (registry+https://github.com/rust-lang/crates.io-index)",
]

[[package]]
name = "khronos_api"
version = "0.0.5"
source = "registry+https://github.com/rust-lang/crates.io-index"

[[package]]
name = "libc"
version = "0.1.6"
source = "registry+https://github.com/rust-lang/crates.io-index"

[[package]]
name = "log"
version = "0.3.1"
source = "registry+https://github.com/rust-lang/crates.io-index"
dependencies = [
 "libc 0.1.6 (registry+https://github.com/rust-lang/crates.io-index)",
]

[[package]]
name = "num"
version = "0.1.24"
source = "registry+https://github.com/rust-lang/crates.io-index"
dependencies = [
 "rand 0.3.8 (registry+https://github.com/rust-lang/crates.io-index)",
 "rustc-serialize 0.3.14 (registry+https://github.com/rust-lang/crates.io-index)",
]

[[package]]
name = "rand"
version = "0.3.8"
source = "registry+https://github.com/rust-lang/crates.io-index"
dependencies = [
 "libc 0.1.6 (registry+https://github.com/rust-lang/crates.io-index)",
]

[[package]]
name = "rustc-serialize"
version = "0.3.14"
source = "registry+https://github.com/rust-lang/crates.io-index"

[[package]]
name = "xlib"
version = "0.1.0"
source = "git+https://github.com/servo/rust-xlib#1a0f3d48fbebf96e2d1bf83ac71309b27f49e0c7"
dependencies = [
 "bitflags 0.1.1 (registry+https://github.com/rust-lang/crates.io-index)",
 "libc 0.1.6 (registry+https://github.com/rust-lang/crates.io-index)",
]

[[package]]
name = "xml-rs"
version = "0.1.24"
source = "registry+https://github.com/rust-lang/crates.io-index"
dependencies = [
 "bitflags 0.1.1 (registry+https://github.com/rust-lang/crates.io-index)",
]

