[root]
name = "offscreen_gl_context"
version = "0.0.1"
dependencies = [
 "cgl 0.0.1 (git+https://github.com/servo/rust-cgl)",
 "core_foundation 0.1.0 (git+https://github.com/servo/rust-core-foundation)",
 "geom 0.1.0 (git+https://github.com/servo/rust-geom)",
 "gleam 0.0.1 (git+https://github.com/servo/gleam)",
 "glx 0.0.1 (git+https://github.com/servo/rust-glx)",
 "libc 0.1.3 (registry+https://github.com/rust-lang/crates.io-index)",
 "xlib 0.1.0 (git+https://github.com/servo/rust-xlib)",
]

[[package]]
name = "bitflags"
version = "0.1.1"
source = "registry+https://github.com/rust-lang/crates.io-index"

[[package]]
name = "cgl"
version = "0.0.1"
source = "git+https://github.com/servo/rust-cgl#211afc4d1572d8fe67b91c452441b6cb292a2bc7"
dependencies = [
 "gleam 0.0.1 (git+https://github.com/servo/gleam)",
]

[[package]]
name = "core_foundation"
version = "0.1.0"
source = "git+https://github.com/servo/rust-core-foundation#da54b5656490d553cb06031770ff542f0bffff1c"
dependencies = [
 "libc 0.1.3 (registry+https://github.com/rust-lang/crates.io-index)",
]

[[package]]
name = "geom"
version = "0.1.0"
source = "git+https://github.com/servo/rust-geom#c47fc0f927b6d6e5543fe3b5445c86810831dce1"
dependencies = [
 "rustc-serialize 0.3.4 (registry+https://github.com/rust-lang/crates.io-index)",
]

[[package]]
name = "gl_common"
version = "0.0.4"
source = "registry+https://github.com/rust-lang/crates.io-index"
dependencies = [
 "libc 0.1.3 (registry+https://github.com/rust-lang/crates.io-index)",
]

[[package]]
name = "gl_generator"
version = "0.0.19"
source = "registry+https://github.com/rust-lang/crates.io-index"
dependencies = [
 "khronos_api 0.0.5 (registry+https://github.com/rust-lang/crates.io-index)",
 "log 0.3.1 (registry+https://github.com/rust-lang/crates.io-index)",
 "xml-rs 0.1.20 (registry+https://github.com/rust-lang/crates.io-index)",
]

[[package]]
name = "gleam"
version = "0.0.1"
source = "git+https://github.com/servo/gleam#37bae04ad0a6b8aa1b51a44a3eef819ebe2fd57f"
dependencies = [
 "gl_common 0.0.4 (registry+https://github.com/rust-lang/crates.io-index)",
 "gl_generator 0.0.19 (registry+https://github.com/rust-lang/crates.io-index)",
 "khronos_api 0.0.5 (registry+https://github.com/rust-lang/crates.io-index)",
 "libc 0.1.3 (registry+https://github.com/rust-lang/crates.io-index)",
]

[[package]]
name = "glx"
version = "0.0.1"
source = "git+https://github.com/servo/rust-glx#dbeba7c2ae1c747d9d7d740f32cee4c06becde17"
dependencies = [
 "gl_common 0.0.4 (registry+https://github.com/rust-lang/crates.io-index)",
 "gl_generator 0.0.19 (registry+https://github.com/rust-lang/crates.io-index)",
 "khronos_api 0.0.5 (registry+https://github.com/rust-lang/crates.io-index)",
]

[[package]]
name = "khronos_api"
version = "0.0.5"
source = "registry+https://github.com/rust-lang/crates.io-index"

[[package]]
name = "libc"
version = "0.1.3"
source = "registry+https://github.com/rust-lang/crates.io-index"

[[package]]
name = "log"
version = "0.3.1"
source = "registry+https://github.com/rust-lang/crates.io-index"
dependencies = [
 "libc 0.1.3 (registry+https://github.com/rust-lang/crates.io-index)",
]

[[package]]
name = "rustc-serialize"
version = "0.3.4"
source = "registry+https://github.com/rust-lang/crates.io-index"

[[package]]
name = "xlib"
version = "0.1.0"
source = "git+https://github.com/servo/rust-xlib#63b219da485cddb8d562186ea846f7e84d6570a5"
dependencies = [
 "bitflags 0.1.1 (registry+https://github.com/rust-lang/crates.io-index)",
 "libc 0.1.3 (registry+https://github.com/rust-lang/crates.io-index)",
]

[[package]]
name = "xml-rs"
version = "0.1.20"
source = "registry+https://github.com/rust-lang/crates.io-index"
dependencies = [
 "bitflags 0.1.1 (registry+https://github.com/rust-lang/crates.io-index)",
]

